
Microsoft Visual Studio Solution File, Format Version 12.00
# Visual Studio Version 17
VisualStudioVersion = 17.7.34031.279
MinimumVisualStudioVersion = 10.0.40219.1
Project("{8BC9CEB8-8B4A-11D0-8D11-00A0C91BC942}") = "наследование", "наследование\наследование.vcxproj", "{908F0A3F-6C7A-4BCC-95D8-68B49EF1C99A}"
EndProject
Project("{8BC9CEB8-8B4A-11D0-8D11-00A0C91BC942}") = "22", "22\22.vcxproj", "{3D39BD61-C56B-4B39-9DE5-F15A0CA1B9FF}"
EndProject
Project("{8BC9CEB8-8B4A-11D0-8D11-00A0C91BC942}") = "33", "33\33.vcxproj", "{28868F11-F0E4-4FF5-B033-37803C773BFB}"
EndProject
Project("{8BC9CEB8-8B4A-11D0-8D11-00A0C91BC942}") = "44", "44\44.vcxproj", "{AA18BEBB-90A7-4DFA-9C28-8BF15AB5FA19}"
EndProject
Project("{8BC9CEB8-8B4A-11D0-8D11-00A0C91BC942}") = "55", "55\55.vcxproj", "{0A2AC4C6-94DD-4A68-9AEE-31FDDA25F03A}"
EndProject
Project("{8BC9CEB8-8B4A-11D0-8D11-00A0C91BC942}") = "66", "66\66.vcxproj", "{24913014-CA59-4367-BC05-430E89097AA4}"
EndProject
Project("{8BC9CEB8-8B4A-11D0-8D11-00A0C91BC942}") = "77", "77\77.vcxproj", "{A0037442-B41B-4CD4-B453-A2070E7B46C1}"
EndProject
Project("{8BC9CEB8-8B4A-11D0-8D11-00A0C91BC942}") = "8", "8\8.vcxproj", "{EBF62F3F-69E0-4E8F-BC33-69466178F386}"
EndProject
Project("{8BC9CEB8-8B4A-11D0-8D11-00A0C91BC942}") = "9", "9\9.vcxproj", "{7B33C62A-2F91-4E43-AA2C-8D5EAB4EF029}"
EndProject
Global
	GlobalSection(SolutionConfigurationPlatforms) = preSolution
		Debug|x64 = Debug|x64
		Debug|x86 = Debug|x86
		Release|x64 = Release|x64
		Release|x86 = Release|x86
	EndGlobalSection
	GlobalSection(ProjectConfigurationPlatforms) = postSolution
		{908F0A3F-6C7A-4BCC-95D8-68B49EF1C99A}.Debug|x64.ActiveCfg = Debug|x64
		{908F0A3F-6C7A-4BCC-95D8-68B49EF1C99A}.Debug|x64.Build.0 = Debug|x64
		{908F0A3F-6C7A-4BCC-95D8-68B49EF1C99A}.Debug|x86.ActiveCfg = Debug|Win32
		{908F0A3F-6C7A-4BCC-95D8-68B49EF1C99A}.Debug|x86.Build.0 = Debug|Win32
		{908F0A3F-6C7A-4BCC-95D8-68B49EF1C99A}.Release|x64.ActiveCfg = Release|x64
		{908F0A3F-6C7A-4BCC-95D8-68B49EF1C99A}.Release|x64.Build.0 = Release|x64
		{908F0A3F-6C7A-4BCC-95D8-68B49EF1C99A}.Release|x86.ActiveCfg = Release|Win32
		{908F0A3F-6C7A-4BCC-95D8-68B49EF1C99A}.Release|x86.Build.0 = Release|Win32
		{3D39BD61-C56B-4B39-9DE5-F15A0CA1B9FF}.Debug|x64.ActiveCfg = Debug|x64
		{3D39BD61-C56B-4B39-9DE5-F15A0CA1B9FF}.Debug|x64.Build.0 = Debug|x64
		{3D39BD61-C56B-4B39-9DE5-F15A0CA1B9FF}.Debug|x86.ActiveCfg = Debug|Win32
		{3D39BD61-C56B-4B39-9DE5-F15A0CA1B9FF}.Debug|x86.Build.0 = Debug|Win32
		{3D39BD61-C56B-4B39-9DE5-F15A0CA1B9FF}.Release|x64.ActiveCfg = Release|x64
		{3D39BD61-C56B-4B39-9DE5-F15A0CA1B9FF}.Release|x64.Build.0 = Release|x64
		{3D39BD61-C56B-4B39-9DE5-F15A0CA1B9FF}.Release|x86.ActiveCfg = Release|Win32
		{3D39BD61-C56B-4B39-9DE5-F15A0CA1B9FF}.Release|x86.Build.0 = Release|Win32
		{28868F11-F0E4-4FF5-B033-37803C773BFB}.Debug|x64.ActiveCfg = Debug|x64
		{28868F11-F0E4-4FF5-B033-37803C773BFB}.Debug|x64.Build.0 = Debug|x64
		{28868F11-F0E4-4FF5-B033-37803C773BFB}.Debug|x86.ActiveCfg = Debug|Win32
		{28868F11-F0E4-4FF5-B033-37803C773BFB}.Debug|x86.Build.0 = Debug|Win32
		{28868F11-F0E4-4FF5-B033-37803C773BFB}.Release|x64.ActiveCfg = Release|x64
		{28868F11-F0E4-4FF5-B033-37803C773BFB}.Release|x64.Build.0 = Release|x64
		{28868F11-F0E4-4FF5-B033-37803C773BFB}.Release|x86.ActiveCfg = Release|Win32
		{28868F11-F0E4-4FF5-B033-37803C773BFB}.Release|x86.Build.0 = Release|Win32
		{AA18BEBB-90A7-4DFA-9C28-8BF15AB5FA19}.Debug|x64.ActiveCfg = Debug|x64
		{AA18BEBB-90A7-4DFA-9C28-8BF15AB5FA19}.Debug|x64.Build.0 = Debug|x64
		{AA18BEBB-90A7-4DFA-9C28-8BF15AB5FA19}.Debug|x86.ActiveCfg = Debug|Win32
		{AA18BEBB-90A7-4DFA-9C28-8BF15AB5FA19}.Debug|x86.Build.0 = Debug|Win32
		{AA18BEBB-90A7-4DFA-9C28-8BF15AB5FA19}.Release|x64.ActiveCfg = Release|x64
		{AA18BEBB-90A7-4DFA-9C28-8BF15AB5FA19}.Release|x64.Build.0 = Release|x64
		{AA18BEBB-90A7-4DFA-9C28-8BF15AB5FA19}.Release|x86.ActiveCfg = Release|Win32
		{AA18BEBB-90A7-4DFA-9C28-8BF15AB5FA19}.Release|x86.Build.0 = Release|Win32
		{0A2AC4C6-94DD-4A68-9AEE-31FDDA25F03A}.Debug|x64.ActiveCfg = Debug|x64
		{0A2AC4C6-94DD-4A68-9AEE-31FDDA25F03A}.Debug|x64.Build.0 = Debug|x64
		{0A2AC4C6-94DD-4A68-9AEE-31FDDA25F03A}.Debug|x86.ActiveCfg = Debug|Win32
		{0A2AC4C6-94DD-4A68-9AEE-31FDDA25F03A}.Debug|x86.Build.0 = Debug|Win32
		{0A2AC4C6-94DD-4A68-9AEE-31FDDA25F03A}.Release|x64.ActiveCfg = Release|x64
		{0A2AC4C6-94DD-4A68-9AEE-31FDDA25F03A}.Release|x64.Build.0 = Release|x64
		{0A2AC4C6-94DD-4A68-9AEE-31FDDA25F03A}.Release|x86.ActiveCfg = Release|Win32
		{0A2AC4C6-94DD-4A68-9AEE-31FDDA25F03A}.Release|x86.Build.0 = Release|Win32
		{24913014-CA59-4367-BC05-430E89097AA4}.Debug|x64.ActiveCfg = Debug|x64
		{24913014-CA59-4367-BC05-430E89097AA4}.Debug|x64.Build.0 = Debug|x64
		{24913014-CA59-4367-BC05-430E89097AA4}.Debug|x86.ActiveCfg = Debug|Win32
		{24913014-CA59-4367-BC05-430E89097AA4}.Debug|x86.Build.0 = Debug|Win32
		{24913014-CA59-4367-BC05-430E89097AA4}.Release|x64.ActiveCfg = Release|x64
		{24913014-CA59-4367-BC05-430E89097AA4}.Release|x64.Build.0 = Release|x64
		{24913014-CA59-4367-BC05-430E89097AA4}.Release|x86.ActiveCfg = Release|Win32
		{24913014-CA59-4367-BC05-430E89097AA4}.Release|x86.Build.0 = Release|Win32
		{A0037442-B41B-4CD4-B453-A2070E7B46C1}.Debug|x64.ActiveCfg = Debug|x64
		{A0037442-B41B-4CD4-B453-A2070E7B46C1}.Debug|x64.Build.0 = Debug|x64
		{A0037442-B41B-4CD4-B453-A2070E7B46C1}.Debug|x86.ActiveCfg = Debug|Win32
		{A0037442-B41B-4CD4-B453-A2070E7B46C1}.Debug|x86.Build.0 = Debug|Win32
		{A0037442-B41B-4CD4-B453-A2070E7B46C1}.Release|x64.ActiveCfg = Release|x64
		{A0037442-B41B-4CD4-B453-A2070E7B46C1}.Release|x64.Build.0 = Release|x64
		{A0037442-B41B-4CD4-B453-A2070E7B46C1}.Release|x86.ActiveCfg = Release|Win32
		{A0037442-B41B-4CD4-B453-A2070E7B46C1}.Release|x86.Build.0 = Release|Win32
		{EBF62F3F-69E0-4E8F-BC33-69466178F386}.Debug|x64.ActiveCfg = Debug|x64
		{EBF62F3F-69E0-4E8F-BC33-69466178F386}.Debug|x64.Build.0 = Debug|x64
		{EBF62F3F-69E0-4E8F-BC33-69466178F386}.Debug|x86.ActiveCfg = Debug|Win32
		{EBF62F3F-69E0-4E8F-BC33-69466178F386}.Debug|x86.Build.0 = Debug|Win32
		{EBF62F3F-69E0-4E8F-BC33-69466178F386}.Release|x64.ActiveCfg = Release|x64
		{EBF62F3F-69E0-4E8F-BC33-69466178F386}.Release|x64.Build.0 = Release|x64
		{EBF62F3F-69E0-4E8F-BC33-69466178F386}.Release|x86.ActiveCfg = Release|Win32
		{EBF62F3F-69E0-4E8F-BC33-69466178F386}.Release|x86.Build.0 = Release|Win32
		{7B33C62A-2F91-4E43-AA2C-8D5EAB4EF029}.Debug|x64.ActiveCfg = Debug|x64
		{7B33C62A-2F91-4E43-AA2C-8D5EAB4EF029}.Debug|x64.Build.0 = Debug|x64
		{7B33C62A-2F91-4E43-AA2C-8D5EAB4EF029}.Debug|x86.ActiveCfg = Debug|Win32
		{7B33C62A-2F91-4E43-AA2C-8D5EAB4EF029}.Debug|x86.Build.0 = Debug|Win32
		{7B33C62A-2F91-4E43-AA2C-8D5EAB4EF029}.Release|x64.ActiveCfg = Release|x64
		{7B33C62A-2F91-4E43-AA2C-8D5EAB4EF029}.Release|x64.Build.0 = Release|x64
		{7B33C62A-2F91-4E43-AA2C-8D5EAB4EF029}.Release|x86.ActiveCfg = Release|Win32
		{7B33C62A-2F91-4E43-AA2C-8D5EAB4EF029}.Release|x86.Build.0 = Release|Win32
	EndGlobalSection
	GlobalSection(SolutionProperties) = preSolution
		HideSolutionNode = FALSE
	EndGlobalSection
	GlobalSection(ExtensibilityGlobals) = postSolution
		SolutionGuid = {B889DF61-8646-4311-A507-836CC57E87AB}
	EndGlobalSection
EndGlobal
